// !$*UTF8*$!
{
	archiveVersion = 1;
	classes = {
	};
	objectVersion = 56;
	objects = {

/* Begin PBXBuildFile section */
		B7934FB62B0C1A0800F45696 /* Pick_a_PalApp.swift in Sources */ = {isa = PBXBuildFile; fileRef = B7934FB52B0C1A0800F45696 /* Pick_a_PalApp.swift */; };
		B7934FB82B0C1A0800F45696 /* ContentView.swift in Sources */ = {isa = PBXBuildFile; fileRef = B7934FB72B0C1A0800F45696 /* ContentView.swift */; };
		B7934FBA2B0C1A0A00F45696 /* Assets.xcassets in Resources */ = {isa = PBXBuildFile; fileRef = B7934FB92B0C1A0A00F45696 /* Assets.xcassets */; };
		B7934FBE2B0C1A0A00F45696 /* Preview Assets.xcassets in Resources */ = {isa = PBXBuildFile; fileRef = B7934FBD2B0C1A0A00F45696 /* Preview Assets.xcassets */; };
		B7934FC82B0C1A0A00F45696 /* Pick_a_PalTests.swift in Sources */ = {isa = PBXBuildFile; fileRef = B7934FC72B0C1A0A00F45696 /* Pick_a_PalTests.swift */; };
		B7934FD22B0C1A0A00F45696 /* Pick_a_PalUITests.swift in Sources */ = {isa = PBXBuildFile; fileRef = B7934FD12B0C1A0A00F45696 /* Pick_a_PalUITests.swift */; };
		B7934FD42B0C1A0A00F45696 /* Pick_a_PalUITestsLaunchTests.swift in Sources */ = {isa = PBXBuildFile; fileRef = B7934FD32B0C1A0A00F45696 /* Pick_a_PalUITestsLaunchTests.swift */; };
/* End PBXBuildFile section */

/* Begin PBXContainerItemProxy section */
		B7934FC42B0C1A0A00F45696 /* PBXContainerItemProxy */ = {
			isa = PBXContainerItemProxy;
			containerPortal = B7934FAA2B0C1A0800F45696 /* Project object */;
			proxyType = 1;
			remoteGlobalIDString = B7934FB12B0C1A0800F45696;
			remoteInfo = "Pick-a-Pal";
		};
		B7934FCE2B0C1A0A00F45696 /* PBXContainerItemProxy */ = {
			isa = PBXContainerItemProxy;
			containerPortal = B7934FAA2B0C1A0800F45696 /* Project object */;
			proxyType = 1;
			remoteGlobalIDString = B7934FB12B0C1A0800F45696;
			remoteInfo = "Pick-a-Pal";
		};
/* End PBXContainerItemProxy section */

/* Begin PBXFileReference section */
		B7934FB22B0C1A0800F45696 /* Pick-a-Pal.app */ = {isa = PBXFileReference; explicitFileType = wrapper.application; includeInIndex = 0; path = "Pick-a-Pal.app"; sourceTree = BUILT_PRODUCTS_DIR; };
		B7934FB52B0C1A0800F45696 /* Pick_a_PalApp.swift */ = {isa = PBXFileReference; lastKnownFileType = sourcecode.swift; path = Pick_a_PalApp.swift; sourceTree = "<group>"; };
		B7934FB72B0C1A0800F45696 /* ContentView.swift */ = {isa = PBXFileReference; lastKnownFileType = sourcecode.swift; path = ContentView.swift; sourceTree = "<group>"; };
		B7934FB92B0C1A0A00F45696 /* Assets.xcassets */ = {isa = PBXFileReference; lastKnownFileType = folder.assetcatalog; path = Assets.xcassets; sourceTree = "<group>"; };
		B7934FBB2B0C1A0A00F45696 /* Pick_a_Pal.entitlements */ = {isa = PBXFileReference; lastKnownFileType = text.plist.entitlements; path = Pick_a_Pal.entitlements; sourceTree = "<group>"; };
		B7934FBD2B0C1A0A00F45696 /* Preview Assets.xcassets */ = {isa = PBXFileReference; lastKnownFileType = folder.assetcatalog; path = "Preview Assets.xcassets"; sourceTree = "<group>"; };
		B7934FC32B0C1A0A00F45696 /* Pick-a-PalTests.xctest */ = {isa = PBXFileReference; explicitFileType = wrapper.cfbundle; includeInIndex = 0; path = "Pick-a-PalTests.xctest"; sourceTree = BUILT_PRODUCTS_DIR; };
		B7934FC72B0C1A0A00F45696 /* Pick_a_PalTests.swift */ = {isa = PBXFileReference; lastKnownFileType = sourcecode.swift; path = Pick_a_PalTests.swift; sourceTree = "<group>"; };
		B7934FCD2B0C1A0A00F45696 /* Pick-a-PalUITests.xctest */ = {isa = PBXFileReference; explicitFileType = wrapper.cfbundle; includeInIndex = 0; path = "Pick-a-PalUITests.xctest"; sourceTree = BUILT_PRODUCTS_DIR; };
		B7934FD12B0C1A0A00F45696 /* Pick_a_PalUITests.swift */ = {isa = PBXFileReference; lastKnownFileType = sourcecode.swift; path = Pick_a_PalUITests.swift; sourceTree = "<group>"; };
		B7934FD32B0C1A0A00F45696 /* Pick_a_PalUITestsLaunchTests.swift */ = {isa = PBXFileReference; lastKnownFileType = sourcecode.swift; path = Pick_a_PalUITestsLaunchTests.swift; sourceTree = "<group>"; };
/* End PBXFileReference section */

/* Begin PBXFrameworksBuildPhase section */
		B7934FAF2B0C1A0800F45696 /* Frameworks */ = {
			isa = PBXFrameworksBuildPhase;
			buildActionMask = 2147483647;
			files = (
			);
			runOnlyForDeploymentPostprocessing = 0;
		};
		B7934FC02B0C1A0A00F45696 /* Frameworks */ = {
			isa = PBXFrameworksBuildPhase;
			buildActionMask = 2147483647;
			files = (
			);
			runOnlyForDeploymentPostprocessing = 0;
		};
		B7934FCA2B0C1A0A00F45696 /* Frameworks */ = {
			isa = PBXFrameworksBuildPhase;
			buildActionMask = 2147483647;
			files = (
			);
			runOnlyForDeploymentPostprocessing = 0;
		};
/* End PBXFrameworksBuildPhase section */

/* Begin PBXGroup section */
		B7934FA92B0C1A0800F45696 = {
			isa = PBXGroup;
			children = (
				B7934FB42B0C1A0800F45696 /* Pick-a-Pal */,
				B7934FC62B0C1A0A00F45696 /* Pick-a-PalTests */,
				B7934FD02B0C1A0A00F45696 /* Pick-a-PalUITests */,
				B7934FB32B0C1A0800F45696 /* Products */,
			);
			sourceTree = "<group>";
		};
		B7934FB32B0C1A0800F45696 /* Products */ = {
			isa = PBXGroup;
			children = (
				B7934FB22B0C1A0800F45696 /* Pick-a-Pal.app */,
				B7934FC32B0C1A0A00F45696 /* Pick-a-PalTests.xctest */,
				B7934FCD2B0C1A0A00F45696 /* Pick-a-PalUITests.xctest */,
			);
			name = Products;
			sourceTree = "<group>";
		};
		B7934FB42B0C1A0800F45696 /* Pick-a-Pal */ = {
			isa = PBXGroup;
			children = (
				B7934FB52B0C1A0800F45696 /* Pick_a_PalApp.swift */,
				B7934FB72B0C1A0800F45696 /* ContentView.swift */,
				B7934FB92B0C1A0A00F45696 /* Assets.xcassets */,
				B7934FBB2B0C1A0A00F45696 /* Pick_a_Pal.entitlements */,
				B7934FBC2B0C1A0A00F45696 /* Preview Content */,
			);
			path = "Pick-a-Pal";
			sourceTree = "<group>";
		};
		B7934FBC2B0C1A0A00F45696 /* Preview Content */ = {
			isa = PBXGroup;
			children = (
				B7934FBD2B0C1A0A00F45696 /* Preview Assets.xcassets */,
			);
			path = "Preview Content";
			sourceTree = "<group>";
		};
		B7934FC62B0C1A0A00F45696 /* Pick-a-PalTests */ = {
			isa = PBXGroup;
			children = (
				B7934FC72B0C1A0A00F45696 /* Pick_a_PalTests.swift */,
			);
			path = "Pick-a-PalTests";
			sourceTree = "<group>";
		};
		B7934FD02B0C1A0A00F45696 /* Pick-a-PalUITests */ = {
			isa = PBXGroup;
			children = (
				B7934FD12B0C1A0A00F45696 /* Pick_a_PalUITests.swift */,
				B7934FD32B0C1A0A00F45696 /* Pick_a_PalUITestsLaunchTests.swift */,
			);
			path = "Pick-a-PalUITests";
			sourceTree = "<group>";
		};
/* End PBXGroup section */

/* Begin PBXNativeTarget section */
		B7934FB12B0C1A0800F45696 /* Pick-a-Pal */ = {
			isa = PBXNativeTarget;
			buildConfigurationList = B7934FD72B0C1A0A00F45696 /* Build configuration list for PBXNativeTarget "Pick-a-Pal" */;
			buildPhases = (
				B7934FAE2B0C1A0800F45696 /* Sources */,
				B7934FAF2B0C1A0800F45696 /* Frameworks */,
				B7934FB02B0C1A0800F45696 /* Resources */,
			);
			buildRules = (
			);
			dependencies = (
			);
			name = "Pick-a-Pal";
			productName = "Pick-a-Pal";
			productReference = B7934FB22B0C1A0800F45696 /* Pick-a-Pal.app */;
			productType = "com.apple.product-type.application";
		};
		B7934FC22B0C1A0A00F45696 /* Pick-a-PalTests */ = {
			isa = PBXNativeTarget;
			buildConfigurationList = B7934FDA2B0C1A0A00F45696 /* Build configuration list for PBXNativeTarget "Pick-a-PalTests" */;
			buildPhases = (
				B7934FBF2B0C1A0A00F45696 /* Sources */,
				B7934FC02B0C1A0A00F45696 /* Frameworks */,
				B7934FC12B0C1A0A00F45696 /* Resources */,
			);
			buildRules = (
			);
			dependencies = (
				B7934FC52B0C1A0A00F45696 /* PBXTargetDependency */,
			);
			name = "Pick-a-PalTests";
			productName = "Pick-a-PalTests";
			productReference = B7934FC32B0C1A0A00F45696 /* Pick-a-PalTests.xctest */;
			productType = "com.apple.product-type.bundle.unit-test";
		};
		B7934FCC2B0C1A0A00F45696 /* Pick-a-PalUITests */ = {
			isa = PBXNativeTarget;
			buildConfigurationList = B7934FDD2B0C1A0A00F45696 /* Build configuration list for PBXNativeTarget "Pick-a-PalUITests" */;
			buildPhases = (
				B7934FC92B0C1A0A00F45696 /* Sources */,
				B7934FCA2B0C1A0A00F45696 /* Frameworks */,
				B7934FCB2B0C1A0A00F45696 /* Resources */,
			);
			buildRules = (
			);
			dependencies = (
				B7934FCF2B0C1A0A00F45696 /* PBXTargetDependency */,
			);
			name = "Pick-a-PalUITests";
			productName = "Pick-a-PalUITests";
			productReference = B7934FCD2B0C1A0A00F45696 /* Pick-a-PalUITests.xctest */;
			productType = "com.apple.product-type.bundle.ui-testing";
		};
/* End PBXNativeTarget section */

/* Begin PBXProject section */
		B7934FAA2B0C1A0800F45696 /* Project object */ = {
			isa = PBXProject;
			attributes = {
				BuildIndependentTargetsInParallel = 1;
				LastSwiftUpdateCheck = 1500;
				LastUpgradeCheck = 1500;
				TargetAttributes = {
					B7934FB12B0C1A0800F45696 = {
						CreatedOnToolsVersion = 15.0;
					};
					B7934FC22B0C1A0A00F45696 = {
						CreatedOnToolsVersion = 15.0;
						TestTargetID = B7934FB12B0C1A0800F45696;
					};
					B7934FCC2B0C1A0A00F45696 = {
						CreatedOnToolsVersion = 15.0;
						TestTargetID = B7934FB12B0C1A0800F45696;
					};
				};
			};
			buildConfigurationList = B7934FAD2B0C1A0800F45696 /* Build configuration list for PBXProject "Pick-a-Pal" */;
			compatibilityVersion = "Xcode 14.0";
			developmentRegion = en;
			hasScannedForEncodings = 0;
			knownRegions = (
				en,
				Base,
			);
			mainGroup = B7934FA92B0C1A0800F45696;
			productRefGroup = B7934FB32B0C1A0800F45696 /* Products */;
			projectDirPath = "";
			projectRoot = "";
			targets = (
				B7934FB12B0C1A0800F45696 /* Pick-a-Pal */,
				B7934FC22B0C1A0A00F45696 /* Pick-a-PalTests */,
				B7934FCC2B0C1A0A00F45696 /* Pick-a-PalUITests */,
			);
		};
/* End PBXProject section */

/* Begin PBXResourcesBuildPhase section */
		B7934FB02B0C1A0800F45696 /* Resources */ = {
			isa = PBXResourcesBuildPhase;
			buildActionMask = 2147483647;
			files = (
				B7934FBE2B0C1A0A00F45696 /* Preview Assets.xcassets in Resources */,
				B7934FBA2B0C1A0A00F45696 /* Assets.xcassets in Resources */,
			);
			runOnlyForDeploymentPostprocessing = 0;
		};
		B7934FC12B0C1A0A00F45696 /* Resources */ = {
			isa = PBXResourcesBuildPhase;
			buildActionMask = 2147483647;
			files = (
			);
			runOnlyForDeploymentPostprocessing = 0;
		};
		B7934FCB2B0C1A0A00F45696 /* Resources */ = {
			isa = PBXResourcesBuildPhase;
			buildActionMask = 2147483647;
			files = (
			);
			runOnlyForDeploymentPostprocessing = 0;
		};
/* End PBXResourcesBuildPhase section */

/* Begin PBXSourcesBuildPhase section */
		B7934FAE2B0C1A0800F45696 /* Sources */ = {
			isa = PBXSourcesBuildPhase;
			buildActionMask = 2147483647;
			files = (
				B7934FB82B0C1A0800F45696 /* ContentView.swift in Sources */,
				B7934FB62B0C1A0800F45696 /* Pick_a_PalApp.swift in Sources */,
			);
			runOnlyForDeploymentPostprocessing = 0;
		};
		B7934FBF2B0C1A0A00F45696 /* Sources */ = {
			isa = PBXSourcesBuildPhase;
			buildActionMask = 2147483647;
			files = (
				B7934FC82B0C1A0A00F45696 /* Pick_a_PalTests.swift in Sources */,
			);
			runOnlyForDeploymentPostprocessing = 0;
		};
		B7934FC92B0C1A0A00F45696 /* Sources */ = {
			isa = PBXSourcesBuildPhase;
			buildActionMask = 2147483647;
			files = (
				B7934FD22B0C1A0A00F45696 /* Pick_a_PalUITests.swift in Sources */,
				B7934FD42B0C1A0A00F45696 /* Pick_a_PalUITestsLaunchTests.swift in Sources */,
			);
			runOnlyForDeploymentPostprocessing = 0;
		};
/* End PBXSourcesBuildPhase section */

/* Begin PBXTargetDependency section */
		B7934FC52B0C1A0A00F45696 /* PBXTargetDependency */ = {
			isa = PBXTargetDependency;
			target = B7934FB12B0C1A0800F45696 /* Pick-a-Pal */;
			targetProxy = B7934FC42B0C1A0A00F45696 /* PBXContainerItemProxy */;
		};
		B7934FCF2B0C1A0A00F45696 /* PBXTargetDependency */ = {
			isa = PBXTargetDependency;
			target = B7934FB12B0C1A0800F45696 /* Pick-a-Pal */;
			targetProxy = B7934FCE2B0C1A0A00F45696 /* PBXContainerItemProxy */;
		};
/* End PBXTargetDependency section */

/* Begin XCBuildConfiguration section */
		B7934FD52B0C1A0A00F45696 /* Debug */ = {
			isa = XCBuildConfiguration;
			buildSettings = {
				ALWAYS_SEARCH_USER_PATHS = NO;
				ASSETCATALOG_COMPILER_GENERATE_SWIFT_ASSET_SYMBOL_EXTENSIONS = YES;
				CLANG_ANALYZER_NONNULL = YES;
				CLANG_ANALYZER_NUMBER_OBJECT_CONVERSION = YES_AGGRESSIVE;
				CLANG_CXX_LANGUAGE_STANDARD = "gnu++20";
				CLANG_ENABLE_MODULES = YES;
				CLANG_ENABLE_OBJC_ARC = YES;
				CLANG_ENABLE_OBJC_WEAK = YES;
				CLANG_WARN_BLOCK_CAPTURE_AUTORELEASING = YES;
				CLANG_WARN_BOOL_CONVERSION = YES;
				CLANG_WARN_COMMA = YES;
				CLANG_WARN_CONSTANT_CONVERSION = YES;
				CLANG_WARN_DEPRECATED_OBJC_IMPLEMENTATIONS = YES;
				CLANG_WARN_DIRECT_OBJC_ISA_USAGE = YES_ERROR;
				CLANG_WARN_DOCUMENTATION_COMMENTS = YES;
				CLANG_WARN_EMPTY_BODY = YES;
				CLANG_WARN_ENUM_CONVERSION = YES;
				CLANG_WARN_INFINITE_RECURSION = YES;
				CLANG_WARN_INT_CONVERSION = YES;
				CLANG_WARN_NON_LITERAL_NULL_CONVERSION = YES;
				CLANG_WARN_OBJC_IMPLICIT_RETAIN_SELF = YES;
				CLANG_WARN_OBJC_LITERAL_CONVERSION = YES;
				CLANG_WARN_OBJC_ROOT_CLASS = YES_ERROR;
				CLANG_WARN_QUOTED_INCLUDE_IN_FRAMEWORK_HEADER = YES;
				CLANG_WARN_RANGE_LOOP_ANALYSIS = YES;
				CLANG_WARN_STRICT_PROTOTYPES = YES;
				CLANG_WARN_SUSPICIOUS_MOVE = YES;
				CLANG_WARN_UNGUARDED_AVAILABILITY = YES_AGGRESSIVE;
				CLANG_WARN_UNREACHABLE_CODE = YES;
				CLANG_WARN__DUPLICATE_METHOD_MATCH = YES;
				COPY_PHASE_STRIP = NO;
				DEBUG_INFORMATION_FORMAT = dwarf;
				ENABLE_STRICT_OBJC_MSGSEND = YES;
				ENABLE_TESTABILITY = YES;
				ENABLE_USER_SCRIPT_SANDBOXING = YES;
				GCC_C_LANGUAGE_STANDARD = gnu17;
				GCC_DYNAMIC_NO_PIC = NO;
				GCC_NO_COMMON_BLOCKS = YES;
				GCC_OPTIMIZATION_LEVEL = 0;
				GCC_PREPROCESSOR_DEFINITIONS = (
					"DEBUG=1",
					"$(inherited)",
				);
				GCC_WARN_64_TO_32_BIT_CONVERSION = YES;
				GCC_WARN_ABOUT_RETURN_TYPE = YES_ERROR;
				GCC_WARN_UNDECLARED_SELECTOR = YES;
				GCC_WARN_UNINITIALIZED_AUTOS = YES_AGGRESSIVE;
				GCC_WARN_UNUSED_FUNCTION = YES;
				GCC_WARN_UNUSED_VARIABLE = YES;
				LOCALIZATION_PREFERS_STRING_CATALOGS = YES;
				MTL_ENABLE_DEBUG_INFO = INCLUDE_SOURCE;
				MTL_FAST_MATH = YES;
				ONLY_ACTIVE_ARCH = YES;
				SWIFT_ACTIVE_COMPILATION_CONDITIONS = "DEBUG $(inherited)";
				SWIFT_OPTIMIZATION_LEVEL = "-Onone";
			};
			name = Debug;
		};
		B7934FD62B0C1A0A00F45696 /* Release */ = {
			isa = XCBuildConfiguration;
			buildSettings = {
				ALWAYS_SEARCH_USER_PATHS = NO;
				ASSETCATALOG_COMPILER_GENERATE_SWIFT_ASSET_SYMBOL_EXTENSIONS = YES;
				CLANG_ANALYZER_NONNULL = YES;
				CLANG_ANALYZER_NUMBER_OBJECT_CONVERSION = YES_AGGRESSIVE;
				CLANG_CXX_LANGUAGE_STANDARD = "gnu++20";
				CLANG_ENABLE_MODULES = YES;
				CLANG_ENABLE_OBJC_ARC = YES;
				CLANG_ENABLE_OBJC_WEAK = YES;
				CLANG_WARN_BLOCK_CAPTURE_AUTORELEASING = YES;
				CLANG_WARN_BOOL_CONVERSION = YES;
				CLANG_WARN_COMMA = YES;
				CLANG_WARN_CONSTANT_CONVERSION = YES;
				CLANG_WARN_DEPRECATED_OBJC_IMPLEMENTATIONS = YES;
				CLANG_WARN_DIRECT_OBJC_ISA_USAGE = YES_ERROR;
				CLANG_WARN_DOCUMENTATION_COMMENTS = YES;
				CLANG_WARN_EMPTY_BODY = YES;
				CLANG_WARN_ENUM_CONVERSION = YES;
				CLANG_WARN_INFINITE_RECURSION = YES;
				CLANG_WARN_INT_CONVERSION = YES;
				CLANG_WARN_NON_LITERAL_NULL_CONVERSION = YES;
				CLANG_WARN_OBJC_IMPLICIT_RETAIN_SELF = YES;
				CLANG_WARN_OBJC_LITERAL_CONVERSION = YES;
				CLANG_WARN_OBJC_ROOT_CLASS = YES_ERROR;
				CLANG_WARN_QUOTED_INCLUDE_IN_FRAMEWORK_HEADER = YES;
				CLANG_WARN_RANGE_LOOP_ANALYSIS = YES;
				CLANG_WARN_STRICT_PROTOTYPES = YES;
				CLANG_WARN_SUSPICIOUS_MOVE = YES;
				CLANG_WARN_UNGUARDED_AVAILABILITY = YES_AGGRESSIVE;
				CLANG_WARN_UNREACHABLE_CODE = YES;
				CLANG_WARN__DUPLICATE_METHOD_MATCH = YES;
				COPY_PHASE_STRIP = NO;
				DEBUG_INFORMATION_FORMAT = "dwarf-with-dsym";
				ENABLE_NS_ASSERTIONS = NO;
				ENABLE_STRICT_OBJC_MSGSEND = YES;
				ENABLE_USER_SCRIPT_SANDBOXING = YES;
				GCC_C_LANGUAGE_STANDARD = gnu17;
				GCC_NO_COMMON_BLOCKS = YES;
				GCC_WARN_64_TO_32_BIT_CONVERSION = YES;
				GCC_WARN_ABOUT_RETURN_TYPE = YES_ERROR;
				GCC_WARN_UNDECLARED_SELECTOR = YES;
				GCC_WARN_UNINITIALIZED_AUTOS = YES_AGGRESSIVE;
				GCC_WARN_UNUSED_FUNCTION = YES;
				GCC_WARN_UNUSED_VARIABLE = YES;
				LOCALIZATION_PREFERS_STRING_CATALOGS = YES;
				MTL_ENABLE_DEBUG_INFO = NO;
				MTL_FAST_MATH = YES;
				SWIFT_COMPILATION_MODE = wholemodule;
			};
			name = Release;
		};
		B7934FD82B0C1A0A00F45696 /* Debug */ = {
			isa = XCBuildConfiguration;
			buildSettings = {
				ASSETCATALOG_COMPILER_APPICON_NAME = AppIcon;
				ASSETCATALOG_COMPILER_GLOBAL_ACCENT_COLOR_NAME = AccentColor;
				CODE_SIGN_ENTITLEMENTS = "Pick-a-Pal/Pick_a_Pal.entitlements";
				CODE_SIGN_STYLE = Automatic;
				CURRENT_PROJECT_VERSION = 1;
				DEVELOPMENT_ASSET_PATHS = "\"Pick-a-Pal/Preview Content\"";
				DEVELOPMENT_TEAM = 32KNP3D7C5;
				ENABLE_HARDENED_RUNTIME = YES;
				ENABLE_PREVIEWS = YES;
				GENERATE_INFOPLIST_FILE = YES;
				"INFOPLIST_KEY_UIApplicationSceneManifest_Generation[sdk=iphoneos*]" = YES;
				"INFOPLIST_KEY_UIApplicationSceneManifest_Generation[sdk=iphonesimulator*]" = YES;
				"INFOPLIST_KEY_UIApplicationSupportsIndirectInputEvents[sdk=iphoneos*]" = YES;
				"INFOPLIST_KEY_UIApplicationSupportsIndirectInputEvents[sdk=iphonesimulator*]" = YES;
				"INFOPLIST_KEY_UILaunchScreen_Generation[sdk=iphoneos*]" = YES;
				"INFOPLIST_KEY_UILaunchScreen_Generation[sdk=iphonesimulator*]" = YES;
				"INFOPLIST_KEY_UIStatusBarStyle[sdk=iphoneos*]" = UIStatusBarStyleDefault;
				"INFOPLIST_KEY_UIStatusBarStyle[sdk=iphonesimulator*]" = UIStatusBarStyleDefault;
				INFOPLIST_KEY_UISupportedInterfaceOrientations_iPad = "UIInterfaceOrientationPortrait UIInterfaceOrientationPortraitUpsideDown UIInterfaceOrientationLandscapeLeft UIInterfaceOrientationLandscapeRight";
				INFOPLIST_KEY_UISupportedInterfaceOrientations_iPhone = "UIInterfaceOrientationPortrait UIInterfaceOrientationLandscapeLeft UIInterfaceOrientationLandscapeRight";
				IPHONEOS_DEPLOYMENT_TARGET = 17.0;
				LD_RUNPATH_SEARCH_PATHS = "@executable_path/Frameworks";
				"LD_RUNPATH_SEARCH_PATHS[sdk=macosx*]" = "@executable_path/../Frameworks";
				MACOSX_DEPLOYMENT_TARGET = 13.5;
				MARKETING_VERSION = 1.0;
				PRODUCT_BUNDLE_IDENTIFIER = "com.hillarynda.Pick-a-Pal";
				PRODUCT_NAME = "$(TARGET_NAME)";
				SDKROOT = auto;
				SUPPORTED_PLATFORMS = "iphoneos iphonesimulator macosx";
				SWIFT_EMIT_LOC_STRINGS = YES;
				SWIFT_VERSION = 5.0;
				TARGETED_DEVICE_FAMILY = "1,2";
			};
			name = Debug;
		};
		B7934FD92B0C1A0A00F45696 /* Release */ = {
			isa = XCBuildConfiguration;
			buildSettings = {
				ASSETCATALOG_COMPILER_APPICON_NAME = AppIcon;
				ASSETCATALOG_COMPILER_GLOBAL_ACCENT_COLOR_NAME = AccentColor;
				CODE_SIGN_ENTITLEMENTS = "Pick-a-Pal/Pick_a_Pal.entitlements";
				CODE_SIGN_STYLE = Automatic;
				CURRENT_PROJECT_VERSION = 1;
				DEVELOPMENT_ASSET_PATHS = "\"Pick-a-Pal/Preview Content\"";
				DEVELOPMENT_TEAM = 32KNP3D7C5;
				ENABLE_HARDENED_RUNTIME = YES;
				ENABLE_PREVIEWS = YES;
				GENERATE_INFOPLIST_FILE = YES;
				"INFOPLIST_KEY_UIApplicationSceneManifest_Generation[sdk=iphoneos*]" = YES;
				"INFOPLIST_KEY_UIApplicationSceneManifest_Generation[sdk=iphonesimulator*]" = YES;
				"INFOPLIST_KEY_UIApplicationSupportsIndirectInputEvents[sdk=iphoneos*]" = YES;
				"INFOPLIST_KEY_UIApplicationSupportsIndirectInputEvents[sdk=iphonesimulator*]" = YES;
				"INFOPLIST_KEY_UILaunchScreen_Generation[sdk=iphoneos*]" = YES;
				"INFOPLIST_KEY_UILaunchScreen_Generation[sdk=iphonesimulator*]" = YES;
				"INFOPLIST_KEY_UIStatusBarStyle[sdk=iphoneos*]" = UIStatusBarStyleDefault;
				"INFOPLIST_KEY_UIStatusBarStyle[sdk=iphonesimulator*]" = UIStatusBarStyleDefault;
				INFOPLIST_KEY_UISupportedInterfaceOrientations_iPad = "UIInterfaceOrientationPortrait UIInterfaceOrientationPortraitUpsideDown UIInterfaceOrientationLandscapeLeft UIInterfaceOrientationLandscapeRight";
				INFOPLIST_KEY_UISupportedInterfaceOrientations_iPhone = "UIInterfaceOrientationPortrait UIInterfaceOrientationLandscapeLeft UIInterfaceOrientationLandscapeRight";
				IPHONEOS_DEPLOYMENT_TARGET = 17.0;
				LD_RUNPATH_SEARCH_PATHS = "@executable_path/Frameworks";
				"LD_RUNPATH_SEARCH_PATHS[sdk=macosx*]" = "@executable_path/../Frameworks";
				MACOSX_DEPLOYMENT_TARGET = 13.5;
				MARKETING_VERSION = 1.0;
				PRODUCT_BUNDLE_IDENTIFIER = "com.hillarynda.Pick-a-Pal";
				PRODUCT_NAME = "$(TARGET_NAME)";
				SDKROOT = auto;
				SUPPORTED_PLATFORMS = "iphoneos iphonesimulator macosx";
				SWIFT_EMIT_LOC_STRINGS = YES;
				SWIFT_VERSION = 5.0;
				TARGETED_DEVICE_FAMILY = "1,2";
			};
			name = Release;
		};
		B7934FDB2B0C1A0A00F45696 /* Debug */ = {
			isa = XCBuildConfiguration;
			buildSettings = {
				ALWAYS_EMBED_SWIFT_STANDARD_LIBRARIES = YES;
				BUNDLE_LOADER = "$(TEST_HOST)";
				CODE_SIGN_STYLE = Automatic;
				CURRENT_PROJECT_VERSION = 1;
				DEVELOPMENT_TEAM = 32KNP3D7C5;
				GENERATE_INFOPLIST_FILE = YES;
				IPHONEOS_DEPLOYMENT_TARGET = 17.0;
				MACOSX_DEPLOYMENT_TARGET = 13.5;
				MARKETING_VERSION = 1.0;
				PRODUCT_BUNDLE_IDENTIFIER = "com.hillarynda.Pick-a-PalTests";
				PRODUCT_NAME = "$(TARGET_NAME)";
				SDKROOT = auto;
				SUPPORTED_PLATFORMS = "iphoneos iphonesimulator macosx";
				SWIFT_EMIT_LOC_STRINGS = NO;
				SWIFT_VERSION = 5.0;
				TARGETED_DEVICE_FAMILY = "1,2";
				TEST_HOST = "$(BUILT_PRODUCTS_DIR)/Pick-a-Pal.app/$(BUNDLE_EXECUTABLE_FOLDER_PATH)/Pick-a-Pal";
			};
			name = Debug;
		};
		B7934FDC2B0C1A0A00F45696 /* Release */ = {
			isa = XCBuildConfiguration;
			buildSettings = {
				ALWAYS_EMBED_SWIFT_STANDARD_LIBRARIES = YES;
				BUNDLE_LOADER = "$(TEST_HOST)";
				CODE_SIGN_STYLE = Automatic;
				CURRENT_PROJECT_VERSION = 1;
				DEVELOPMENT_TEAM = 32KNP3D7C5;
				GENERATE_INFOPLIST_FILE = YES;
				IPHONEOS_DEPLOYMENT_TARGET = 17.0;
				MACOSX_DEPLOYMENT_TARGET = 13.5;
				MARKETING_VERSION = 1.0;
				PRODUCT_BUNDLE_IDENTIFIER = "com.hillarynda.Pick-a-PalTests";
				PRODUCT_NAME = "$(TARGET_NAME)";
				SDKROOT = auto;
				SUPPORTED_PLATFORMS = "iphoneos iphonesimulator macosx";
				SWIFT_EMIT_LOC_STRINGS = NO;
				SWIFT_VERSION = 5.0;
				TARGETED_DEVICE_FAMILY = "1,2";
				TEST_HOST = "$(BUILT_PRODUCTS_DIR)/Pick-a-Pal.app/$(BUNDLE_EXECUTABLE_FOLDER_PATH)/Pick-a-Pal";
			};
			name = Release;
		};
		B7934FDE2B0C1A0A00F45696 /* Debug */ = {
			isa = XCBuildConfiguration;
			buildSettings = {
				ALWAYS_EMBED_SWIFT_STANDARD_LIBRARIES = YES;
				CODE_SIGN_STYLE = Automatic;
				CURRENT_PROJECT_VERSION = 1;
				DEVELOPMENT_TEAM = 32KNP3D7C5;
				GENERATE_INFOPLIST_FILE = YES;
				IPHONEOS_DEPLOYMENT_TARGET = 17.0;
				MACOSX_DEPLOYMENT_TARGET = 13.5;
				MARKETING_VERSION = 1.0;
				PRODUCT_BUNDLE_IDENTIFIER = "com.hillarynda.Pick-a-PalUITests";
				PRODUCT_NAME = "$(TARGET_NAME)";
				SDKROOT = auto;
				SUPPORTED_PLATFORMS = "iphoneos iphonesimulator macosx";
				SWIFT_EMIT_LOC_STRINGS = NO;
				SWIFT_VERSION = 5.0;
				TARGETED_DEVICE_FAMILY = "1,2";
				TEST_TARGET_NAME = "Pick-a-Pal";
			};
			name = Debug;
		};
		B7934FDF2B0C1A0A00F45696 /* Release */ = {
			isa = XCBuildConfiguration;
			buildSettings = {
				ALWAYS_EMBED_SWIFT_STANDARD_LIBRARIES = YES;
				CODE_SIGN_STYLE = Automatic;
				CURRENT_PROJECT_VERSION = 1;
				DEVELOPMENT_TEAM = 32KNP3D7C5;
				GENERATE_INFOPLIST_FILE = YES;
				IPHONEOS_DEPLOYMENT_TARGET = 17.0;
				MACOSX_DEPLOYMENT_TARGET = 13.5;
				MARKETING_VERSION = 1.0;
				PRODUCT_BUNDLE_IDENTIFIER = "com.hillarynda.Pick-a-PalUITests";
				PRODUCT_NAME = "$(TARGET_NAME)";
				SDKROOT = auto;
				SUPPORTED_PLATFORMS = "iphoneos iphonesimulator macosx";
				SWIFT_EMIT_LOC_STRINGS = NO;
				SWIFT_VERSION = 5.0;
				TARGETED_DEVICE_FAMILY = "1,2";
				TEST_TARGET_NAME = "Pick-a-Pal";
			};
			name = Release;
		};
/* End XCBuildConfiguration section */

/* Begin XCConfigurationList section */
		B7934FAD2B0C1A0800F45696 /* Build configuration list for PBXProject "Pick-a-Pal" */ = {
			isa = XCConfigurationList;
			buildConfigurations = (
				B7934FD52B0C1A0A00F45696 /* Debug */,
				B7934FD62B0C1A0A00F45696 /* Release */,
			);
			defaultConfigurationIsVisible = 0;
			defaultConfigurationName = Release;
		};
		B7934FD72B0C1A0A00F45696 /* Build configuration list for PBXNativeTarget "Pick-a-Pal" */ = {
			isa = XCConfigurationList;
			buildConfigurations = (
				B7934FD82B0C1A0A00F45696 /* Debug */,
				B7934FD92B0C1A0A00F45696 /* Release */,
			);
			defaultConfigurationIsVisible = 0;
			defaultConfigurationName = Release;
		};
		B7934FDA2B0C1A0A00F45696 /* Build configuration list for PBXNativeTarget "Pick-a-PalTests" */ = {
			isa = XCConfigurationList;
			buildConfigurations = (
				B7934FDB2B0C1A0A00F45696 /* Debug */,
				B7934FDC2B0C1A0A00F45696 /* Release */,
			);
			defaultConfigurationIsVisible = 0;
			defaultConfigurationName = Release;
		};
		B7934FDD2B0C1A0A00F45696 /* Build configuration list for PBXNativeTarget "Pick-a-PalUITests" */ = {
			isa = XCConfigurationList;
			buildConfigurations = (
				B7934FDE2B0C1A0A00F45696 /* Debug */,
				B7934FDF2B0C1A0A00F45696 /* Release */,
			);
			defaultConfigurationIsVisible = 0;
			defaultConfigurationName = Release;
		};
/* End XCConfigurationList section */
	};
	rootObject = B7934FAA2B0C1A0800F45696 /* Project object */;
}
